
Microsoft Visual Studio Solution File, Format Version 12.00
# Visual Studio 15
VisualStudioVersion = 15.0.28307.779
MinimumVisualStudioVersion = 10.0.40219.1
Project("{FAE04EC0-301F-11D3-BF4B-00C04F79EFBC}") = "semana4Lab.Android", "semana4Lab\semana4Lab.Android\semana4Lab.Android.csproj", "{CBE4E165-ABB6-4E54-AFCF-8E97C520CA51}"
EndProject
Project("{FAE04EC0-301F-11D3-BF4B-00C04F79EFBC}") = "semana4Lab.iOS", "semana4Lab\semana4Lab.iOS\semana4Lab.iOS.csproj", "{BADC297C-8084-45C6-8F6C-E7BB8DB437CB}"
EndProject
Project("{FAE04EC0-301F-11D3-BF4B-00C04F79EFBC}") = "semana4Lab", "semana4Lab\semana4Lab\semana4Lab.csproj", "{C87B0827-B685-4757-8DB8-A7365266D5DE}"
EndProject
Global
	GlobalSection(SolutionConfigurationPlatforms) = preSolution
		Ad-Hoc|Any CPU = Ad-Hoc|Any CPU
		Ad-Hoc|iPhone = Ad-Hoc|iPhone
		Ad-Hoc|iPhoneSimulator = Ad-Hoc|iPhoneSimulator
		AppStore|Any CPU = AppStore|Any CPU
		AppStore|iPhone = AppStore|iPhone
		AppStore|iPhoneSimulator = AppStore|iPhoneSimulator
		Debug|Any CPU = Debug|Any CPU
		Debug|iPhone = Debug|iPhone
		Debug|iPhoneSimulator = Debug|iPhoneSimulator
		Release|Any CPU = Release|Any CPU
		Release|iPhone = Release|iPhone
		Release|iPhoneSimulator = Release|iPhoneSimulator
	EndGlobalSection
	GlobalSection(ProjectConfigurationPlatforms) = postSolution
		{CBE4E165-ABB6-4E54-AFCF-8E97C520CA51}.Ad-Hoc|Any CPU.ActiveCfg = Release|Any CPU
		{CBE4E165-ABB6-4E54-AFCF-8E97C520CA51}.Ad-Hoc|Any CPU.Build.0 = Release|Any CPU
		{CBE4E165-ABB6-4E54-AFCF-8E97C520CA51}.Ad-Hoc|Any CPU.Deploy.0 = Release|Any CPU
		{CBE4E165-ABB6-4E54-AFCF-8E97C520CA51}.Ad-Hoc|iPhone.ActiveCfg = Release|Any CPU
		{CBE4E165-ABB6-4E54-AFCF-8E97C520CA51}.Ad-Hoc|iPhone.Build.0 = Release|Any CPU
		{CBE4E165-ABB6-4E54-AFCF-8E97C520CA51}.Ad-Hoc|iPhone.Deploy.0 = Release|Any CPU
		{CBE4E165-ABB6-4E54-AFCF-8E97C520CA51}.Ad-Hoc|iPhoneSimulator.ActiveCfg = Release|Any CPU
		{CBE4E165-ABB6-4E54-AFCF-8E97C520CA51}.Ad-Hoc|iPhoneSimulator.Build.0 = Release|Any CPU
		{CBE4E165-ABB6-4E54-AFCF-8E97C520CA51}.Ad-Hoc|iPhoneSimulator.Deploy.0 = Release|Any CPU
		{CBE4E165-ABB6-4E54-AFCF-8E97C520CA51}.AppStore|Any CPU.ActiveCfg = Release|Any CPU
		{CBE4E165-ABB6-4E54-AFCF-8E97C520CA51}.AppStore|Any CPU.Build.0 = Release|Any CPU
		{CBE4E165-ABB6-4E54-AFCF-8E97C520CA51}.AppStore|Any CPU.Deploy.0 = Release|Any CPU
		{CBE4E165-ABB6-4E54-AFCF-8E97C520CA51}.AppStore|iPhone.ActiveCfg = Release|Any CPU
		{CBE4E165-ABB6-4E54-AFCF-8E97C520CA51}.AppStore|iPhone.Build.0 = Release|Any CPU
		{CBE4E165-ABB6-4E54-AFCF-8E97C520CA51}.AppStore|iPhone.Deploy.0 = Release|Any CPU
		{CBE4E165-ABB6-4E54-AFCF-8E97C520CA51}.AppStore|iPhoneSimulator.ActiveCfg = Release|Any CPU
		{CBE4E165-ABB6-4E54-AFCF-8E97C520CA51}.AppStore|iPhoneSimulator.Build.0 = Release|Any CPU
		{CBE4E165-ABB6-4E54-AFCF-8E97C520CA51}.AppStore|iPhoneSimulator.Deploy.0 = Release|Any CPU
		{CBE4E165-ABB6-4E54-AFCF-8E97C520CA51}.Debug|Any CPU.ActiveCfg = Debug|Any CPU
		{CBE4E165-ABB6-4E54-AFCF-8E97C520CA51}.Debug|Any CPU.Build.0 = Debug|Any CPU
		{CBE4E165-ABB6-4E54-AFCF-8E97C520CA51}.Debug|Any CPU.Deploy.0 = Debug|Any CPU
		{CBE4E165-ABB6-4E54-AFCF-8E97C520CA51}.Debug|iPhone.ActiveCfg = Debug|Any CPU
		{CBE4E165-ABB6-4E54-AFCF-8E97C520CA51}.Debug|iPhone.Build.0 = Debug|Any CPU
		{CBE4E165-ABB6-4E54-AFCF-8E97C520CA51}.Debug|iPhone.Deploy.0 = Debug|Any CPU
		{CBE4E165-ABB6-4E54-AFCF-8E97C520CA51}.Debug|iPhoneSimulator.ActiveCfg = Debug|Any CPU
		{CBE4E165-ABB6-4E54-AFCF-8E97C520CA51}.Debug|iPhoneSimulator.Build.0 = Debug|Any CPU
		{CBE4E165-ABB6-4E54-AFCF-8E97C520CA51}.Debug|iPhoneSimulator.Deploy.0 = Debug|Any CPU
		{CBE4E165-ABB6-4E54-AFCF-8E97C520CA51}.Release|Any CPU.ActiveCfg = Release|Any CPU
		{CBE4E165-ABB6-4E54-AFCF-8E97C520CA51}.Release|Any CPU.Build.0 = Release|Any CPU
		{CBE4E165-ABB6-4E54-AFCF-8E97C520CA51}.Release|Any CPU.Deploy.0 = Release|Any CPU
		{CBE4E165-ABB6-4E54-AFCF-8E97C520CA51}.Release|iPhone.ActiveCfg = Release|Any CPU
		{CBE4E165-ABB6-4E54-AFCF-8E97C520CA51}.Release|iPhone.Build.0 = Release|Any CPU
		{CBE4E165-ABB6-4E54-AFCF-8E97C520CA51}.Release|iPhone.Deploy.0 = Release|Any CPU
		{CBE4E165-ABB6-4E54-AFCF-8E97C520CA51}.Release|iPhoneSimulator.ActiveCfg = Release|Any CPU
		{CBE4E165-ABB6-4E54-AFCF-8E97C520CA51}.Release|iPhoneSimulator.Build.0 = Release|Any CPU
		{CBE4E165-ABB6-4E54-AFCF-8E97C520CA51}.Release|iPhoneSimulator.Deploy.0 = Release|Any CPU
		{BADC297C-8084-45C6-8F6C-E7BB8DB437CB}.Ad-Hoc|Any CPU.ActiveCfg = Ad-Hoc|iPhone
		{BADC297C-8084-45C6-8F6C-E7BB8DB437CB}.Ad-Hoc|Any CPU.Build.0 = Ad-Hoc|iPhone
		{BADC297C-8084-45C6-8F6C-E7BB8DB437CB}.Ad-Hoc|Any CPU.Deploy.0 = Ad-Hoc|iPhone
		{BADC297C-8084-45C6-8F6C-E7BB8DB437CB}.Ad-Hoc|iPhone.ActiveCfg = Ad-Hoc|iPhone
		{BADC297C-8084-45C6-8F6C-E7BB8DB437CB}.Ad-Hoc|iPhone.Build.0 = Ad-Hoc|iPhone
		{BADC297C-8084-45C6-8F6C-E7BB8DB437CB}.Ad-Hoc|iPhone.Deploy.0 = Ad-Hoc|iPhone
		{BADC297C-8084-45C6-8F6C-E7BB8DB437CB}.Ad-Hoc|iPhoneSimulator.ActiveCfg = Ad-Hoc|iPhoneSimulator
		{BADC297C-8084-45C6-8F6C-E7BB8DB437CB}.Ad-Hoc|iPhoneSimulator.Build.0 = Ad-Hoc|iPhoneSimulator
		{BADC297C-8084-45C6-8F6C-E7BB8DB437CB}.Ad-Hoc|iPhoneSimulator.Deploy.0 = Ad-Hoc|iPhoneSimulator
		{BADC297C-8084-45C6-8F6C-E7BB8DB437CB}.AppStore|Any CPU.ActiveCfg = AppStore|iPhone
		{BADC297C-8084-45C6-8F6C-E7BB8DB437CB}.AppStore|Any CPU.Build.0 = AppStore|iPhone
		{BADC297C-8084-45C6-8F6C-E7BB8DB437CB}.AppStore|Any CPU.Deploy.0 = AppStore|iPhone
		{BADC297C-8084-45C6-8F6C-E7BB8DB437CB}.AppStore|iPhone.ActiveCfg = AppStore|iPhone
		{BADC297C-8084-45C6-8F6C-E7BB8DB437CB}.AppStore|iPhone.Build.0 = AppStore|iPhone
		{BADC297C-8084-45C6-8F6C-E7BB8DB437CB}.AppStore|iPhone.Deploy.0 = AppStore|iPhone
		{BADC297C-8084-45C6-8F6C-E7BB8DB437CB}.AppStore|iPhoneSimulator.ActiveCfg = AppStore|iPhoneSimulator
		{BADC297C-8084-45C6-8F6C-E7BB8DB437CB}.AppStore|iPhoneSimulator.Build.0 = AppStore|iPhoneSimulator
		{BADC297C-8084-45C6-8F6C-E7BB8DB437CB}.AppStore|iPhoneSimulator.Deploy.0 = AppStore|iPhoneSimulator
		{BADC297C-8084-45C6-8F6C-E7BB8DB437CB}.Debug|Any CPU.ActiveCfg = Debug|iPhoneSimulator
		{BADC297C-8084-45C6-8F6C-E7BB8DB437CB}.Debug|Any CPU.Build.0 = Debug|iPhoneSimulator
		{BADC297C-8084-45C6-8F6C-E7BB8DB437CB}.Debug|Any CPU.Deploy.0 = Debug|iPhoneSimulator
		{BADC297C-8084-45C6-8F6C-E7BB8DB437CB}.Debug|iPhone.ActiveCfg = Debug|iPhone
		{BADC297C-8084-45C6-8F6C-E7BB8DB437CB}.Debug|iPhone.Build.0 = Debug|iPhone
		{BADC297C-8084-45C6-8F6C-E7BB8DB437CB}.Debug|iPhone.Deploy.0 = Debug|iPhone
		{BADC297C-8084-45C6-8F6C-E7BB8DB437CB}.Debug|iPhoneSimulator.ActiveCfg = Debug|iPhoneSimulator
		{BADC297C-8084-45C6-8F6C-E7BB8DB437CB}.Debug|iPhoneSimulator.Build.0 = Debug|iPhoneSimulator
		{BADC297C-8084-45C6-8F6C-E7BB8DB437CB}.Debug|iPhoneSimulator.Deploy.0 = Debug|iPhoneSimulator
		{BADC297C-8084-45C6-8F6C-E7BB8DB437CB}.Release|Any CPU.ActiveCfg = Release|iPhone
		{BADC297C-8084-45C6-8F6C-E7BB8DB437CB}.Release|Any CPU.Build.0 = Release|iPhone
		{BADC297C-8084-45C6-8F6C-E7BB8DB437CB}.Release|Any CPU.Deploy.0 = Release|iPhone
		{BADC297C-8084-45C6-8F6C-E7BB8DB437CB}.Release|iPhone.ActiveCfg = Release|iPhone
		{BADC297C-8084-45C6-8F6C-E7BB8DB437CB}.Release|iPhone.Build.0 = Release|iPhone
		{BADC297C-8084-45C6-8F6C-E7BB8DB437CB}.Release|iPhone.Deploy.0 = Release|iPhone
		{BADC297C-8084-45C6-8F6C-E7BB8DB437CB}.Release|iPhoneSimulator.ActiveCfg = Release|iPhoneSimulator
		{BADC297C-8084-45C6-8F6C-E7BB8DB437CB}.Release|iPhoneSimulator.Build.0 = Release|iPhoneSimulator
		{BADC297C-8084-45C6-8F6C-E7BB8DB437CB}.Release|iPhoneSimulator.Deploy.0 = Release|iPhoneSimulator
		{C87B0827-B685-4757-8DB8-A7365266D5DE}.Ad-Hoc|Any CPU.ActiveCfg = Debug|Any CPU
		{C87B0827-B685-4757-8DB8-A7365266D5DE}.Ad-Hoc|Any CPU.Build.0 = Debug|Any CPU
		{C87B0827-B685-4757-8DB8-A7365266D5DE}.Ad-Hoc|Any CPU.Deploy.0 = Debug|Any CPU
		{C87B0827-B685-4757-8DB8-A7365266D5DE}.Ad-Hoc|iPhone.ActiveCfg = Debug|Any CPU
		{C87B0827-B685-4757-8DB8-A7365266D5DE}.Ad-Hoc|iPhone.Build.0 = Debug|Any CPU
		{C87B0827-B685-4757-8DB8-A7365266D5DE}.Ad-Hoc|iPhone.Deploy.0 = Debug|Any CPU
		{C87B0827-B685-4757-8DB8-A7365266D5DE}.Ad-Hoc|iPhoneSimulator.ActiveCfg = Debug|Any CPU
		{C87B0827-B685-4757-8DB8-A7365266D5DE}.Ad-Hoc|iPhoneSimulator.Build.0 = Debug|Any CPU
		{C87B0827-B685-4757-8DB8-A7365266D5DE}.Ad-Hoc|iPhoneSimulator.Deploy.0 = Debug|Any CPU
		{C87B0827-B685-4757-8DB8-A7365266D5DE}.AppStore|Any CPU.ActiveCfg = Debug|Any CPU
		{C87B0827-B685-4757-8DB8-A7365266D5DE}.AppStore|Any CPU.Build.0 = Debug|Any CPU
		{C87B0827-B685-4757-8DB8-A7365266D5DE}.AppStore|Any CPU.Deploy.0 = Debug|Any CPU
		{C87B0827-B685-4757-8DB8-A7365266D5DE}.AppStore|iPhone.ActiveCfg = Debug|Any CPU
		{C87B0827-B685-4757-8DB8-A7365266D5DE}.AppStore|iPhone.Build.0 = Debug|Any CPU
		{C87B0827-B685-4757-8DB8-A7365266D5DE}.AppStore|iPhone.Deploy.0 = Debug|Any CPU
		{C87B0827-B685-4757-8DB8-A7365266D5DE}.AppStore|iPhoneSimulator.ActiveCfg = Debug|Any CPU
		{C87B0827-B685-4757-8DB8-A7365266D5DE}.AppStore|iPhoneSimulator.Build.0 = Debug|Any CPU
		{C87B0827-B685-4757-8DB8-A7365266D5DE}.AppStore|iPhoneSimulator.Deploy.0 = Debug|Any CPU
		{C87B0827-B685-4757-8DB8-A7365266D5DE}.Debug|Any CPU.ActiveCfg = Debug|Any CPU
		{C87B0827-B685-4757-8DB8-A7365266D5DE}.Debug|Any CPU.Build.0 = Debug|Any CPU
		{C87B0827-B685-4757-8DB8-A7365266D5DE}.Debug|Any CPU.Deploy.0 = Debug|Any CPU
		{C87B0827-B685-4757-8DB8-A7365266D5DE}.Debug|iPhone.ActiveCfg = Debug|Any CPU
		{C87B0827-B685-4757-8DB8-A7365266D5DE}.Debug|iPhone.Build.0 = Debug|Any CPU
		{C87B0827-B685-4757-8DB8-A7365266D5DE}.Debug|iPhone.Deploy.0 = Debug|Any CPU
		{C87B0827-B685-4757-8DB8-A7365266D5DE}.Debug|iPhoneSimulator.ActiveCfg = Debug|Any CPU
		{C87B0827-B685-4757-8DB8-A7365266D5DE}.Debug|iPhoneSimulator.Build.0 = Debug|Any CPU
		{C87B0827-B685-4757-8DB8-A7365266D5DE}.Debug|iPhoneSimulator.Deploy.0 = Debug|Any CPU
		{C87B0827-B685-4757-8DB8-A7365266D5DE}.Release|Any CPU.ActiveCfg = Release|Any CPU
		{C87B0827-B685-4757-8DB8-A7365266D5DE}.Release|Any CPU.Build.0 = Release|Any CPU
		{C87B0827-B685-4757-8DB8-A7365266D5DE}.Release|Any CPU.Deploy.0 = Release|Any CPU
		{C87B0827-B685-4757-8DB8-A7365266D5DE}.Release|iPhone.ActiveCfg = Release|Any CPU
		{C87B0827-B685-4757-8DB8-A7365266D5DE}.Release|iPhone.Build.0 = Release|Any CPU
		{C87B0827-B685-4757-8DB8-A7365266D5DE}.Release|iPhone.Deploy.0 = Release|Any CPU
		{C87B0827-B685-4757-8DB8-A7365266D5DE}.Release|iPhoneSimulator.ActiveCfg = Release|Any CPU
		{C87B0827-B685-4757-8DB8-A7365266D5DE}.Release|iPhoneSimulator.Build.0 = Release|Any CPU
		{C87B0827-B685-4757-8DB8-A7365266D5DE}.Release|iPhoneSimulator.Deploy.0 = Release|Any CPU
	EndGlobalSection
	GlobalSection(SolutionProperties) = preSolution
		HideSolutionNode = FALSE
	EndGlobalSection
	GlobalSection(ExtensibilityGlobals) = postSolution
		SolutionGuid = {7DE54EBD-3598-4C9A-8532-DDA39C634A30}
	EndGlobalSection
EndGlobal
